
Microsoft Visual Studio Solution File, Format Version 12.00
# Visual Studio Version 17
VisualStudioVersion = 17.7.34024.191
MinimumVisualStudioVersion = 10.0.40219.1
Project("{FAE04EC0-301F-11D3-BF4B-00C04F79EFBC}") = "University.DAL", "University.DAL\University.DAL.csproj", "{011F95CB-8EC1-46D1-BDB9-20623C6C2EA7}"
EndProject
Project("{FAE04EC0-301F-11D3-BF4B-00C04F79EFBC}") = "University.Admin", "University.Admin\University.Admin.csproj", "{E9C01E74-F8B4-4F1D-AA88-401D396030BF}"
EndProject
Global
	GlobalSection(SolutionConfigurationPlatforms) = preSolution
		Debug|Any CPU = Debug|Any CPU
		Release|Any CPU = Release|Any CPU
	EndGlobalSection
	GlobalSection(ProjectConfigurationPlatforms) = postSolution
		{011F95CB-8EC1-46D1-BDB9-20623C6C2EA7}.Debug|Any CPU.ActiveCfg = Debug|Any CPU
		{011F95CB-8EC1-46D1-BDB9-20623C6C2EA7}.Debug|Any CPU.Build.0 = Debug|Any CPU
		{011F95CB-8EC1-46D1-BDB9-20623C6C2EA7}.Release|Any CPU.ActiveCfg = Release|Any CPU
		{011F95CB-8EC1-46D1-BDB9-20623C6C2EA7}.Release|Any CPU.Build.0 = Release|Any CPU
		{E9C01E74-F8B4-4F1D-AA88-401D396030BF}.Debug|Any CPU.ActiveCfg = Debug|Any CPU
		{E9C01E74-F8B4-4F1D-AA88-401D396030BF}.Debug|Any CPU.Build.0 = Debug|Any CPU
		{E9C01E74-F8B4-4F1D-AA88-401D396030BF}.Release|Any CPU.ActiveCfg = Release|Any CPU
		{E9C01E74-F8B4-4F1D-AA88-401D396030BF}.Release|Any CPU.Build.0 = Release|Any CPU
	EndGlobalSection
	GlobalSection(SolutionProperties) = preSolution
		HideSolutionNode = FALSE
	EndGlobalSection
	GlobalSection(ExtensibilityGlobals) = postSolution
		SolutionGuid = {D490A5A7-4BD9-49A6-9C50-E119161E7F99}
	EndGlobalSection
EndGlobal
